
Microsoft Visual Studio Solution File, Format Version 12.00
# Visual Studio Version 16
VisualStudioVersion = 16.0.31624.102
MinimumVisualStudioVersion = 10.0.40219.1
Project("{00D1A9C2-B5F0-4AF3-8072-F6C62B433612}") = "SQLPRAC1", "SQLPRAC1\SQLPRAC1.sqlproj", "{08B4589E-A1FB-428B-934F-E7AAFFBDFDBC}"
EndProject
Global
	GlobalSection(SolutionConfigurationPlatforms) = preSolution
		Debug|Any CPU = Debug|Any CPU
		Release|Any CPU = Release|Any CPU
	EndGlobalSection
	GlobalSection(ProjectConfigurationPlatforms) = postSolution
		{08B4589E-A1FB-428B-934F-E7AAFFBDFDBC}.Debug|Any CPU.ActiveCfg = Debug|Any CPU
		{08B4589E-A1FB-428B-934F-E7AAFFBDFDBC}.Debug|Any CPU.Build.0 = Debug|Any CPU
		{08B4589E-A1FB-428B-934F-E7AAFFBDFDBC}.Debug|Any CPU.Deploy.0 = Debug|Any CPU
		{08B4589E-A1FB-428B-934F-E7AAFFBDFDBC}.Release|Any CPU.ActiveCfg = Release|Any CPU
		{08B4589E-A1FB-428B-934F-E7AAFFBDFDBC}.Release|Any CPU.Build.0 = Release|Any CPU
		{08B4589E-A1FB-428B-934F-E7AAFFBDFDBC}.Release|Any CPU.Deploy.0 = Release|Any CPU
	EndGlobalSection
	GlobalSection(SolutionProperties) = preSolution
		HideSolutionNode = FALSE
	EndGlobalSection
	GlobalSection(ExtensibilityGlobals) = postSolution
		SolutionGuid = {0B320DEF-3E0D-4FC4-A299-609657AE55A9}
	EndGlobalSection
EndGlobal
